Microsoft Visual Studio Solution File, Format Version 12.00
# Visual Studio Version 17
VisualStudioVersion = 17.5.2.0
MinimumVisualStudioVersion = 10.0.40219.1
Project("{FAE04EC0-301F-11D3-BF4B-00C04F79EFBC}") = "ArtesaoDeSoftware", "ArtesaoDeSoftware.csproj", "{3D7E88CF-BEBD-74ED-D734-DCD76487F60D}"
EndProject
Global
	GlobalSection(SolutionConfigurationPlatforms) = preSolution
		Debug|Any CPU = Debug|Any CPU
		Release|Any CPU = Release|Any CPU
	EndGlobalSection
	GlobalSection(ProjectConfigurationPlatforms) = postSolution
		{3D7E88CF-BEBD-74ED-D734-DCD76487F60D}.Debug|Any CPU.ActiveCfg = Debug|Any CPU
		{3D7E88CF-BEBD-74ED-D734-DCD76487F60D}.Debug|Any CPU.Build.0 = Debug|Any CPU
		{3D7E88CF-BEBD-74ED-D734-DCD76487F60D}.Release|Any CPU.ActiveCfg = Release|Any CPU
		{3D7E88CF-BEBD-74ED-D734-DCD76487F60D}.Release|Any CPU.Build.0 = Release|Any CPU
	EndGlobalSection
	GlobalSection(SolutionProperties) = preSolution
		HideSolutionNode = FALSE
	EndGlobalSection
	GlobalSection(ExtensibilityGlobals) = postSolution
		SolutionGuid = {D4422C0B-506D-476E-BD6C-A36F7DE9E0DE}
	EndGlobalSection
EndGlobal
